
Microsoft Visual Studio Solution File, Format Version 12.00
# Visual Studio Version 16
VisualStudioVersion = 16.0.29230.47
MinimumVisualStudioVersion = 10.0.40219.1
Project("{FAE04EC0-301F-11D3-BF4B-00C04F79EFBC}") = "Проверка на везучесть", "Проверка на везучесть\Проверка на везучесть.csproj", "{95AE1A3E-CB88-422D-BB00-DBC8CE04C4A0}"
EndProject
Global
	GlobalSection(SolutionConfigurationPlatforms) = preSolution
		Debug|Any CPU = Debug|Any CPU
		Release|Any CPU = Release|Any CPU
	EndGlobalSection
	GlobalSection(ProjectConfigurationPlatforms) = postSolution
		{95AE1A3E-CB88-422D-BB00-DBC8CE04C4A0}.Debug|Any CPU.ActiveCfg = Debug|Any CPU
		{95AE1A3E-CB88-422D-BB00-DBC8CE04C4A0}.Debug|Any CPU.Build.0 = Debug|Any CPU
		{95AE1A3E-CB88-422D-BB00-DBC8CE04C4A0}.Release|Any CPU.ActiveCfg = Release|Any CPU
		{95AE1A3E-CB88-422D-BB00-DBC8CE04C4A0}.Release|Any CPU.Build.0 = Release|Any CPU
	EndGlobalSection
	GlobalSection(SolutionProperties) = preSolution
		HideSolutionNode = FALSE
	EndGlobalSection
	GlobalSection(ExtensibilityGlobals) = postSolution
		SolutionGuid = {BBBD235F-064A-4D1F-B553-1AA70EBFCFEF}
	EndGlobalSection
EndGlobal
